
Microsoft Visual Studio Solution File, Format Version 12.00
# Visual Studio Version 17
VisualStudioVersion = 17.3.32929.385
MinimumVisualStudioVersion = 10.0.40219.1
Project("{FAE04EC0-301F-11D3-BF4B-00C04F79EFBC}") = "RegexDemo", "RegexDemo\RegexDemo.csproj", "{70DDAFA0-03F0-4537-AB36-DCBF8F4D5E73}"
EndProject
Global
	GlobalSection(SolutionConfigurationPlatforms) = preSolution
		Debug|Any CPU = Debug|Any CPU
		Release|Any CPU = Release|Any CPU
	EndGlobalSection
	GlobalSection(ProjectConfigurationPlatforms) = postSolution
		{70DDAFA0-03F0-4537-AB36-DCBF8F4D5E73}.Debug|Any CPU.ActiveCfg = Debug|Any CPU
		{70DDAFA0-03F0-4537-AB36-DCBF8F4D5E73}.Debug|Any CPU.Build.0 = Debug|Any CPU
		{70DDAFA0-03F0-4537-AB36-DCBF8F4D5E73}.Release|Any CPU.ActiveCfg = Release|Any CPU
		{70DDAFA0-03F0-4537-AB36-DCBF8F4D5E73}.Release|Any CPU.Build.0 = Release|Any CPU
	EndGlobalSection
	GlobalSection(SolutionProperties) = preSolution
		HideSolutionNode = FALSE
	EndGlobalSection
	GlobalSection(ExtensibilityGlobals) = postSolution
		SolutionGuid = {15BEE429-701F-4848-8C1B-7D7E60DDBBCF}
	EndGlobalSection
EndGlobal
